
Microsoft Visual Studio Solution File, Format Version 12.00
# Visual Studio 15
VisualStudioVersion = 15.0.28307.1525
MinimumVisualStudioVersion = 10.0.40219.1
Project("{FAE04EC0-301F-11D3-BF4B-00C04F79EFBC}") = "Classpoint2.0", "Classpoint2.0\Classpoint2.0.csproj", "{34D46DCA-1E48-4D7E-B147-DF15239DF7AA}"
EndProject
Global
	GlobalSection(SolutionConfigurationPlatforms) = preSolution
		Debug|Any CPU = Debug|Any CPU
		Release|Any CPU = Release|Any CPU
	EndGlobalSection
	GlobalSection(ProjectConfigurationPlatforms) = postSolution
		{34D46DCA-1E48-4D7E-B147-DF15239DF7AA}.Debug|Any CPU.ActiveCfg = Debug|Any CPU
		{34D46DCA-1E48-4D7E-B147-DF15239DF7AA}.Debug|Any CPU.Build.0 = Debug|Any CPU
		{34D46DCA-1E48-4D7E-B147-DF15239DF7AA}.Release|Any CPU.ActiveCfg = Release|Any CPU
		{34D46DCA-1E48-4D7E-B147-DF15239DF7AA}.Release|Any CPU.Build.0 = Release|Any CPU
	EndGlobalSection
	GlobalSection(SolutionProperties) = preSolution
		HideSolutionNode = FALSE
	EndGlobalSection
	GlobalSection(ExtensibilityGlobals) = postSolution
		SolutionGuid = {22A5430C-A973-4CA2-8551-6AD6CD68AD9D}
	EndGlobalSection
EndGlobal
